
Microsoft Visual Studio Solution File, Format Version 12.00
# Visual Studio 2013
Project("{FAE04EC0-301F-11D3-BF4B-00C04F79EFBC}") = "UnityVS.avalonClient.CSharp", "UnityVS.avalonClient.CSharp.csproj", "{949FD73A-4647-0FD7-C189-DFEF55F3F76F}"
EndProject
Project("{FAE04EC0-301F-11D3-BF4B-00C04F79EFBC}") = "UnityVS.avalonClient.CSharp.Editor", "UnityVS.avalonClient.CSharp.Editor.csproj", "{4152AB03-59D5-E20C-E769-AF2038FCB9FD}"
EndProject
Global
	GlobalSection(SolutionConfigurationPlatforms) = preSolution
		Debug|Any CPU = Debug|Any CPU
		Release|Any CPU = Release|Any CPU
	EndGlobalSection
	GlobalSection(ProjectConfigurationPlatforms) = postSolution
		{949FD73A-4647-0FD7-C189-DFEF55F3F76F}.Debug|Any CPU.ActiveCfg = Debug|Any CPU
		{949FD73A-4647-0FD7-C189-DFEF55F3F76F}.Debug|Any CPU.Build.0 = Debug|Any CPU
		{949FD73A-4647-0FD7-C189-DFEF55F3F76F}.Release|Any CPU.ActiveCfg = Release|Any CPU
		{949FD73A-4647-0FD7-C189-DFEF55F3F76F}.Release|Any CPU.Build.0 = Release|Any CPU
		{4152AB03-59D5-E20C-E769-AF2038FCB9FD}.Debug|Any CPU.ActiveCfg = Debug|Any CPU
		{4152AB03-59D5-E20C-E769-AF2038FCB9FD}.Debug|Any CPU.Build.0 = Debug|Any CPU
		{4152AB03-59D5-E20C-E769-AF2038FCB9FD}.Release|Any CPU.ActiveCfg = Release|Any CPU
		{4152AB03-59D5-E20C-E769-AF2038FCB9FD}.Release|Any CPU.Build.0 = Release|Any CPU
	EndGlobalSection
	GlobalSection(SolutionProperties) = preSolution
		HideSolutionNode = FALSE
	EndGlobalSection
EndGlobal
